{
  "version": 4,
  "terraform_version": "1.11.3",
  "serial": 20,
  "lineage": "901d14d1-d1e2-ade2-851d-782a90ec8686",
  "outputs": {},
  "resources": [
    {
      "mode": "data",
      "type": "azurerm_key_vault_secret",
      "name": "admin_password",
      "provider": "provider[\"registry.terraform.io/hashicorp/azurerm\"]",
      "instances": [
        {
          "schema_version": 0,
          "attributes": {
            "content_type": "",
            "expiration_date": null,
            "id": "https://kvkunjan-dev.vault.azure.net/secrets/vm1-admin-password/22b7ea9501194203b58508de95372f8e",
            "key_vault_id": "/subscriptions/fb141b80-2b4d-4a51-a02b-ac95ac80ae0d/resourceGroups/rg-dev-002/providers/Microsoft.KeyVault/vaults/kvkunjan-dev",
            "name": "vm1-admin-password",
            "not_before_date": null,
            "resource_id": "/subscriptions/fb141b80-2b4d-4a51-a02b-ac95ac80ae0d/resourceGroups/rg-dev-002/providers/Microsoft.KeyVault/vaults/kvkunjan-dev/secrets/vm1-admin-password/versions/22b7ea9501194203b58508de95372f8e",
            "resource_versionless_id": "/subscriptions/fb141b80-2b4d-4a51-a02b-ac95ac80ae0d/resourceGroups/rg-dev-002/providers/Microsoft.KeyVault/vaults/kvkunjan-dev/secrets/vm1-admin-password",
            "tags": {},
            "timeouts": null,
            "value": "Whoami@123",
            "version": "22b7ea9501194203b58508de95372f8e",
            "versionless_id": "https://kvkunjan-dev.vault.azure.net/secrets/vm1-admin-password"
          },
          "sensitive_attributes": [
            [
              {
                "type": "get_attr",
                "value": "value"
              }
            ]
          ]
        }
      ]
    },
    {
      "module": "module.compute",
      "mode": "managed",
      "type": "azurerm_linux_virtual_machine",
      "name": "linux_vms",
      "provider": "provider[\"registry.terraform.io/hashicorp/azurerm\"]",
      "instances": [
        {
          "index_key": "dev-linux-vm",
          "schema_version": 0,
          "attributes": {
            "additional_capabilities": [],
            "admin_password": "Whoami@123",
            "admin_ssh_key": [],
            "admin_username": "kunjanj",
            "allow_extension_operations": true,
            "availability_set_id": "",
            "boot_diagnostics": [],
            "bypass_platform_safety_checks_on_user_schedule_enabled": false,
            "capacity_reservation_group_id": "",
            "computer_name": "dev-linux-vm",
            "custom_data": null,
            "dedicated_host_group_id": "",
            "dedicated_host_id": "",
            "disable_password_authentication": false,
            "disk_controller_type": "SCSI",
            "edge_zone": "",
            "encryption_at_host_enabled": false,
            "eviction_policy": "",
            "extensions_time_budget": "PT1H30M",
            "gallery_application": [],
            "id": "/subscriptions/fb141b80-2b4d-4a51-a02b-ac95ac80ae0d/resourceGroups/rg-dev-002/providers/Microsoft.Compute/virtualMachines/dev-linux-vm",
            "identity": [],
            "license_type": "",
            "location": "centralindia",
            "max_bid_price": -1,
            "name": "dev-linux-vm",
            "network_interface_ids": [
              "/subscriptions/fb141b80-2b4d-4a51-a02b-ac95ac80ae0d/resourceGroups/rg-dev-002/providers/Microsoft.Network/networkInterfaces/dev-linux-vm-nic"
            ],
            "os_disk": [
              {
                "caching": "ReadWrite",
                "diff_disk_settings": [],
                "disk_encryption_set_id": "",
                "disk_size_gb": 30,
                "id": "/subscriptions/fb141b80-2b4d-4a51-a02b-ac95ac80ae0d/resourceGroups/rg-dev-002/providers/Microsoft.Compute/disks/dev-linux-vm-osdisk",
                "name": "dev-linux-vm-osdisk",
                "secure_vm_disk_encryption_set_id": "",
                "security_encryption_type": "",
                "storage_account_type": "Standard_LRS",
                "write_accelerator_enabled": false
              }
            ],
            "os_image_notification": [],
            "patch_assessment_mode": "ImageDefault",
            "patch_mode": "ImageDefault",
            "plan": [],
            "platform_fault_domain": -1,
            "priority": "Regular",
            "private_ip_address": "10.1.1.5",
            "private_ip_addresses": [
              "10.1.1.5"
            ],
            "provision_vm_agent": true,
            "proximity_placement_group_id": "",
            "public_ip_address": "",
            "public_ip_addresses": [],
            "reboot_setting": "",
            "resource_group_name": "rg-dev-002",
            "secret": [],
            "secure_boot_enabled": false,
            "size": "Standard_B1s",
            "source_image_id": "",
            "source_image_reference": [
              {
                "offer": "ubuntu-24_04-lts",
                "publisher": "Canonical",
                "sku": "server",
                "version": "latest"
              }
            ],
            "tags": {},
            "termination_notification": [],
            "timeouts": null,
            "user_data": "",
            "virtual_machine_id": "182b75d1-1410-4f53-8942-94479edb9ede",
            "virtual_machine_scale_set_id": "",
            "vm_agent_platform_updates_enabled": false,
            "vtpm_enabled": false,
            "zone": ""
          },
          "sensitive_attributes": [
            [
              {
                "type": "get_attr",
                "value": "admin_password"
              }
            ],
            [
              {
                "type": "get_attr",
                "value": "custom_data"
              }
            ]
          ],
          "private": "eyJlMmJmYjczMC1lY2FhLTExZTYtOGY4OC0zNDM2M2JjN2M0YzAiOnsiY3JlYXRlIjoyNzAwMDAwMDAwMDAwLCJkZWxldGUiOjI3MDAwMDAwMDAwMDAsInJlYWQiOjMwMDAwMDAwMDAwMCwidXBkYXRlIjoyNzAwMDAwMDAwMDAwfX0=",
          "dependencies": [
            "data.azurerm_key_vault_secret.admin_password",
            "module.compute.azurerm_network_interface.nics",
            "module.keyvault.azurerm_key_vault.this",
            "module.keyvault.data.azurerm_client_config.current",
            "module.network.azurerm_subnet.subnets",
            "module.network.azurerm_virtual_network.vnet"
          ]
        }
      ]
    },
    {
      "module": "module.compute",
      "mode": "managed",
      "type": "azurerm_network_interface",
      "name": "nics",
      "provider": "provider[\"registry.terraform.io/hashicorp/azurerm\"]",
      "instances": [
        {
          "index_key": "dev-linux-vm",
          "schema_version": 0,
          "attributes": {
            "accelerated_networking_enabled": false,
            "applied_dns_servers": [],
            "auxiliary_mode": "",
            "auxiliary_sku": "",
            "dns_servers": [],
            "edge_zone": "",
            "id": "/subscriptions/fb141b80-2b4d-4a51-a02b-ac95ac80ae0d/resourceGroups/rg-dev-002/providers/Microsoft.Network/networkInterfaces/dev-linux-vm-nic",
            "internal_dns_name_label": "",
            "internal_domain_name_suffix": "yal2lh3x0vyu1ho02c2t20b3df.rx.internal.cloudapp.net",
            "ip_configuration": [
              {
                "gateway_load_balancer_frontend_ip_configuration_id": "",
                "name": "internal",
                "primary": true,
                "private_ip_address": "10.1.1.5",
                "private_ip_address_allocation": "Dynamic",
                "private_ip_address_version": "IPv4",
                "public_ip_address_id": "",
                "subnet_id": "/subscriptions/fb141b80-2b4d-4a51-a02b-ac95ac80ae0d/resourceGroups/rg-dev-002/providers/Microsoft.Network/virtualNetworks/dev-vnet/subnets/frontend"
              }
            ],
            "ip_forwarding_enabled": false,
            "location": "centralindia",
            "mac_address": "00-0D-3A-F0-F1-F6",
            "name": "dev-linux-vm-nic",
            "private_ip_address": "10.1.1.5",
            "private_ip_addresses": [
              "10.1.1.5"
            ],
            "resource_group_name": "rg-dev-002",
            "tags": {},
            "timeouts": null,
            "virtual_machine_id": "/subscriptions/fb141b80-2b4d-4a51-a02b-ac95ac80ae0d/resourceGroups/rg-dev-002/providers/Microsoft.Compute/virtualMachines/dev-linux-vm"
          },
          "sensitive_attributes": [],
          "private": "eyJlMmJmYjczMC1lY2FhLTExZTYtOGY4OC0zNDM2M2JjN2M0YzAiOnsiY3JlYXRlIjoxODAwMDAwMDAwMDAwLCJkZWxldGUiOjE4MDAwMDAwMDAwMDAsInJlYWQiOjMwMDAwMDAwMDAwMCwidXBkYXRlIjoxODAwMDAwMDAwMDAwfX0=",
          "dependencies": [
            "module.network.azurerm_subnet.subnets",
            "module.network.azurerm_virtual_network.vnet"
          ]
        },
        {
          "index_key": "dev-windows-vm",
          "schema_version": 0,
          "attributes": {
            "accelerated_networking_enabled": false,
            "applied_dns_servers": [],
            "auxiliary_mode": "",
            "auxiliary_sku": "",
            "dns_servers": [],
            "edge_zone": "",
            "id": "/subscriptions/fb141b80-2b4d-4a51-a02b-ac95ac80ae0d/resourceGroups/rg-dev-002/providers/Microsoft.Network/networkInterfaces/dev-windows-vm-nic",
            "internal_dns_name_label": "",
            "internal_domain_name_suffix": "yal2lh3x0vyu1ho02c2t20b3df.rx.internal.cloudapp.net",
            "ip_configuration": [
              {
                "gateway_load_balancer_frontend_ip_configuration_id": "",
                "name": "internal",
                "primary": true,
                "private_ip_address": "10.1.1.4",
                "private_ip_address_allocation": "Dynamic",
                "private_ip_address_version": "IPv4",
                "public_ip_address_id": "",
                "subnet_id": "/subscriptions/fb141b80-2b4d-4a51-a02b-ac95ac80ae0d/resourceGroups/rg-dev-002/providers/Microsoft.Network/virtualNetworks/dev-vnet/subnets/frontend"
              }
            ],
            "ip_forwarding_enabled": false,
            "location": "centralindia",
            "mac_address": "00-0D-3A-F0-F5-C2",
            "name": "dev-windows-vm-nic",
            "private_ip_address": "10.1.1.4",
            "private_ip_addresses": [
              "10.1.1.4"
            ],
            "resource_group_name": "rg-dev-002",
            "tags": {},
            "timeouts": null,
            "virtual_machine_id": "/subscriptions/fb141b80-2b4d-4a51-a02b-ac95ac80ae0d/resourceGroups/rg-dev-002/providers/Microsoft.Compute/virtualMachines/dev-windows-vm"
          },
          "sensitive_attributes": [],
          "private": "eyJlMmJmYjczMC1lY2FhLTExZTYtOGY4OC0zNDM2M2JjN2M0YzAiOnsiY3JlYXRlIjoxODAwMDAwMDAwMDAwLCJkZWxldGUiOjE4MDAwMDAwMDAwMDAsInJlYWQiOjMwMDAwMDAwMDAwMCwidXBkYXRlIjoxODAwMDAwMDAwMDAwfX0=",
          "dependencies": [
            "module.network.azurerm_subnet.subnets",
            "module.network.azurerm_virtual_network.vnet"
          ]
        }
      ]
    },
    {
      "module": "module.compute",
      "mode": "managed",
      "type": "azurerm_windows_virtual_machine",
      "name": "windows_vms",
      "provider": "provider[\"registry.terraform.io/hashicorp/azurerm\"]",
      "instances": [
        {
          "index_key": "dev-windows-vm",
          "schema_version": 0,
          "attributes": {
            "additional_capabilities": [],
            "additional_unattend_content": [],
            "admin_password": "Whoami@123",
            "admin_username": "kunjanj",
            "allow_extension_operations": true,
            "availability_set_id": "",
            "boot_diagnostics": [],
            "bypass_platform_safety_checks_on_user_schedule_enabled": false,
            "capacity_reservation_group_id": "",
            "computer_name": "dev-windows-vm",
            "custom_data": null,
            "dedicated_host_group_id": "",
            "dedicated_host_id": "",
            "disk_controller_type": "",
            "edge_zone": "",
            "enable_automatic_updates": true,
            "encryption_at_host_enabled": false,
            "eviction_policy": "",
            "extensions_time_budget": "PT1H30M",
            "gallery_application": [],
            "hotpatching_enabled": false,
            "id": "/subscriptions/fb141b80-2b4d-4a51-a02b-ac95ac80ae0d/resourceGroups/rg-dev-002/providers/Microsoft.Compute/virtualMachines/dev-windows-vm",
            "identity": [],
            "license_type": "",
            "location": "centralindia",
            "max_bid_price": -1,
            "name": "dev-windows-vm",
            "network_interface_ids": [
              "/subscriptions/fb141b80-2b4d-4a51-a02b-ac95ac80ae0d/resourceGroups/rg-dev-002/providers/Microsoft.Network/networkInterfaces/dev-windows-vm-nic"
            ],
            "os_disk": [
              {
                "caching": "ReadWrite",
                "diff_disk_settings": [],
                "disk_encryption_set_id": "",
                "disk_size_gb": 127,
                "id": "/subscriptions/fb141b80-2b4d-4a51-a02b-ac95ac80ae0d/resourceGroups/rg-dev-002/providers/Microsoft.Compute/disks/dev-windows-vm-osdisk",
                "name": "dev-windows-vm-osdisk",
                "secure_vm_disk_encryption_set_id": "",
                "security_encryption_type": "",
                "storage_account_type": "Standard_LRS",
                "write_accelerator_enabled": false
              }
            ],
            "os_image_notification": [],
            "patch_assessment_mode": "ImageDefault",
            "patch_mode": "AutomaticByOS",
            "plan": [],
            "platform_fault_domain": -1,
            "priority": "Regular",
            "private_ip_address": "10.1.1.4",
            "private_ip_addresses": [
              "10.1.1.4"
            ],
            "provision_vm_agent": true,
            "proximity_placement_group_id": "",
            "public_ip_address": "",
            "public_ip_addresses": [],
            "reboot_setting": "",
            "resource_group_name": "rg-dev-002",
            "secret": [],
            "secure_boot_enabled": false,
            "size": "Standard_B1s",
            "source_image_id": "",
            "source_image_reference": [
              {
                "offer": "WindowsServer",
                "publisher": "MicrosoftWindowsServer",
                "sku": "2019-Datacenter",
                "version": "latest"
              }
            ],
            "tags": {},
            "termination_notification": [],
            "timeouts": null,
            "timezone": "",
            "user_data": "",
            "virtual_machine_id": "f74e40ec-3c14-4c3f-99c0-c1bc5aece27b",
            "virtual_machine_scale_set_id": "",
            "vm_agent_platform_updates_enabled": true,
            "vtpm_enabled": false,
            "winrm_listener": [],
            "zone": ""
          },
          "sensitive_attributes": [
            [
              {
                "type": "get_attr",
                "value": "admin_password"
              }
            ],
            [
              {
                "type": "get_attr",
                "value": "custom_data"
              }
            ]
          ],
          "private": "eyJlMmJmYjczMC1lY2FhLTExZTYtOGY4OC0zNDM2M2JjN2M0YzAiOnsiY3JlYXRlIjoyNzAwMDAwMDAwMDAwLCJkZWxldGUiOjI3MDAwMDAwMDAwMDAsInJlYWQiOjMwMDAwMDAwMDAwMCwidXBkYXRlIjoyNzAwMDAwMDAwMDAwfX0=",
          "dependencies": [
            "data.azurerm_key_vault_secret.admin_password",
            "module.compute.azurerm_network_interface.nics",
            "module.keyvault.azurerm_key_vault.this",
            "module.keyvault.data.azurerm_client_config.current",
            "module.network.azurerm_subnet.subnets",
            "module.network.azurerm_virtual_network.vnet"
          ]
        }
      ]
    },
    {
      "module": "module.keyvault",
      "mode": "data",
      "type": "azurerm_client_config",
      "name": "current",
      "provider": "provider[\"registry.terraform.io/hashicorp/azurerm\"]",
      "instances": [
        {
          "schema_version": 0,
          "attributes": {
            "client_id": "04b07795-8ddb-461a-bbee-02f9e1bf7b46",
            "id": "Y2xpZW50Q29uZmlncy9jbGllbnRJZD0wNGIwNzc5NS04ZGRiLTQ2MWEtYmJlZS0wMmY5ZTFiZjdiNDY7b2JqZWN0SWQ9MmM4OTMwZTItNzIyNC00MmVkLWEyMjMtZTA0Y2VlNGViNDM1O3N1YnNjcmlwdGlvbklkPWZiMTQxYjgwLTJiNGQtNGE1MS1hMDJiLWFjOTVhYzgwYWUwZDt0ZW5hbnRJZD04YjBiOWNlOS00MzRlLTQ2ODQtOGU0NS00YmYzYzA2ZGIzNTY=",
            "object_id": "2c8930e2-7224-42ed-a223-e04cee4eb435",
            "subscription_id": "fb141b80-2b4d-4a51-a02b-ac95ac80ae0d",
            "tenant_id": "8b0b9ce9-434e-4684-8e45-4bf3c06db356",
            "timeouts": null
          },
          "sensitive_attributes": []
        }
      ]
    },
    {
      "module": "module.keyvault",
      "mode": "managed",
      "type": "azurerm_key_vault",
      "name": "this",
      "provider": "provider[\"registry.terraform.io/hashicorp/azurerm\"]",
      "instances": [
        {
          "schema_version": 2,
          "attributes": {
            "access_policy": [
              {
                "application_id": "",
                "certificate_permissions": [],
                "key_permissions": [],
                "object_id": "2c8930e2-7224-42ed-a223-e04cee4eb435",
                "secret_permissions": [
                  "Get",
                  "List",
                  "Set",
                  "Delete"
                ],
                "storage_permissions": [],
                "tenant_id": "8b0b9ce9-434e-4684-8e45-4bf3c06db356"
              }
            ],
            "contact": [],
            "enable_rbac_authorization": false,
            "enabled_for_deployment": false,
            "enabled_for_disk_encryption": false,
            "enabled_for_template_deployment": false,
            "id": "/subscriptions/fb141b80-2b4d-4a51-a02b-ac95ac80ae0d/resourceGroups/rg-dev-002/providers/Microsoft.KeyVault/vaults/kvkunjan-dev",
            "location": "centralindia",
            "name": "kvkunjan-dev",
            "network_acls": [
              {
                "bypass": "AzureServices",
                "default_action": "Allow",
                "ip_rules": [],
                "virtual_network_subnet_ids": []
              }
            ],
            "public_network_access_enabled": true,
            "purge_protection_enabled": true,
            "resource_group_name": "rg-dev-002",
            "sku_name": "standard",
            "soft_delete_retention_days": 7,
            "tags": {},
            "tenant_id": "8b0b9ce9-434e-4684-8e45-4bf3c06db356",
            "timeouts": null,
            "vault_uri": "https://kvkunjan-dev.vault.azure.net/"
          },
          "sensitive_attributes": [],
          "private": "eyJlMmJmYjczMC1lY2FhLTExZTYtOGY4OC0zNDM2M2JjN2M0YzAiOnsiY3JlYXRlIjoxODAwMDAwMDAwMDAwLCJkZWxldGUiOjE4MDAwMDAwMDAwMDAsInJlYWQiOjMwMDAwMDAwMDAwMCwidXBkYXRlIjoxODAwMDAwMDAwMDAwfSwic2NoZW1hX3ZlcnNpb24iOiIyIn0=",
          "dependencies": [
            "module.keyvault.data.azurerm_client_config.current"
          ]
        }
      ]
    },
    {
      "module": "module.network",
      "mode": "managed",
      "type": "azurerm_network_security_group",
      "name": "nsg",
      "provider": "provider[\"registry.terraform.io/hashicorp/azurerm\"]",
      "instances": [
        {
          "schema_version": 0,
          "attributes": {
            "id": "/subscriptions/fb141b80-2b4d-4a51-a02b-ac95ac80ae0d/resourceGroups/rg-dev-002/providers/Microsoft.Network/networkSecurityGroups/dev-nsg",
            "location": "centralindia",
            "name": "dev-nsg",
            "resource_group_name": "rg-dev-002",
            "security_rule": [],
            "tags": {},
            "timeouts": null
          },
          "sensitive_attributes": [],
          "private": "eyJlMmJmYjczMC1lY2FhLTExZTYtOGY4OC0zNDM2M2JjN2M0YzAiOnsiY3JlYXRlIjoxODAwMDAwMDAwMDAwLCJkZWxldGUiOjE4MDAwMDAwMDAwMDAsInJlYWQiOjMwMDAwMDAwMDAwMCwidXBkYXRlIjoxODAwMDAwMDAwMDAwfX0="
        }
      ]
    },
    {
      "module": "module.network",
      "mode": "managed",
      "type": "azurerm_subnet",
      "name": "subnets",
      "provider": "provider[\"registry.terraform.io/hashicorp/azurerm\"]",
      "instances": [
        {
          "index_key": "backend",
          "schema_version": 0,
          "attributes": {
            "address_prefixes": [
              "10.1.2.0/24"
            ],
            "default_outbound_access_enabled": true,
            "delegation": [],
            "id": "/subscriptions/fb141b80-2b4d-4a51-a02b-ac95ac80ae0d/resourceGroups/rg-dev-002/providers/Microsoft.Network/virtualNetworks/dev-vnet/subnets/backend",
            "name": "backend",
            "private_endpoint_network_policies": "Disabled",
            "private_link_service_network_policies_enabled": true,
            "resource_group_name": "rg-dev-002",
            "service_endpoint_policy_ids": [],
            "service_endpoints": [],
            "timeouts": null,
            "virtual_network_name": "dev-vnet"
          },
          "sensitive_attributes": [],
          "private": "eyJlMmJmYjczMC1lY2FhLTExZTYtOGY4OC0zNDM2M2JjN2M0YzAiOnsiY3JlYXRlIjoxODAwMDAwMDAwMDAwLCJkZWxldGUiOjE4MDAwMDAwMDAwMDAsInJlYWQiOjMwMDAwMDAwMDAwMCwidXBkYXRlIjoxODAwMDAwMDAwMDAwfX0=",
          "dependencies": [
            "module.network.azurerm_virtual_network.vnet"
          ]
        },
        {
          "index_key": "frontend",
          "schema_version": 0,
          "attributes": {
            "address_prefixes": [
              "10.1.1.0/24"
            ],
            "default_outbound_access_enabled": true,
            "delegation": [],
            "id": "/subscriptions/fb141b80-2b4d-4a51-a02b-ac95ac80ae0d/resourceGroups/rg-dev-002/providers/Microsoft.Network/virtualNetworks/dev-vnet/subnets/frontend",
            "name": "frontend",
            "private_endpoint_network_policies": "Disabled",
            "private_link_service_network_policies_enabled": true,
            "resource_group_name": "rg-dev-002",
            "service_endpoint_policy_ids": [],
            "service_endpoints": [],
            "timeouts": null,
            "virtual_network_name": "dev-vnet"
          },
          "sensitive_attributes": [],
          "private": "eyJlMmJmYjczMC1lY2FhLTExZTYtOGY4OC0zNDM2M2JjN2M0YzAiOnsiY3JlYXRlIjoxODAwMDAwMDAwMDAwLCJkZWxldGUiOjE4MDAwMDAwMDAwMDAsInJlYWQiOjMwMDAwMDAwMDAwMCwidXBkYXRlIjoxODAwMDAwMDAwMDAwfX0=",
          "dependencies": [
            "module.network.azurerm_virtual_network.vnet"
          ]
        }
      ]
    },
    {
      "module": "module.network",
      "mode": "managed",
      "type": "azurerm_virtual_network",
      "name": "vnet",
      "provider": "provider[\"registry.terraform.io/hashicorp/azurerm\"]",
      "instances": [
        {
          "schema_version": 0,
          "attributes": {
            "address_space": [
              "10.1.0.0/16"
            ],
            "bgp_community": "",
            "ddos_protection_plan": [],
            "dns_servers": [],
            "edge_zone": "",
            "encryption": [],
            "flow_timeout_in_minutes": 0,
            "guid": "9fc517c0-d5b7-4d71-9dda-e0b93e683d1d",
            "id": "/subscriptions/fb141b80-2b4d-4a51-a02b-ac95ac80ae0d/resourceGroups/rg-dev-002/providers/Microsoft.Network/virtualNetworks/dev-vnet",
            "location": "centralindia",
            "name": "dev-vnet",
            "private_endpoint_vnet_policies": "Disabled",
            "resource_group_name": "rg-dev-002",
            "subnet": [
              {
                "address_prefixes": [
                  "10.1.1.0/24"
                ],
                "default_outbound_access_enabled": true,
                "delegation": [],
                "id": "/subscriptions/fb141b80-2b4d-4a51-a02b-ac95ac80ae0d/resourceGroups/rg-dev-002/providers/Microsoft.Network/virtualNetworks/dev-vnet/subnets/frontend",
                "name": "frontend",
                "private_endpoint_network_policies": "Disabled",
                "private_link_service_network_policies_enabled": true,
                "route_table_id": "",
                "security_group": "",
                "service_endpoint_policy_ids": [],
                "service_endpoints": []
              },
              {
                "address_prefixes": [
                  "10.1.2.0/24"
                ],
                "default_outbound_access_enabled": true,
                "delegation": [],
                "id": "/subscriptions/fb141b80-2b4d-4a51-a02b-ac95ac80ae0d/resourceGroups/rg-dev-002/providers/Microsoft.Network/virtualNetworks/dev-vnet/subnets/backend",
                "name": "backend",
                "private_endpoint_network_policies": "Disabled",
                "private_link_service_network_policies_enabled": true,
                "route_table_id": "",
                "security_group": "",
                "service_endpoint_policy_ids": [],
                "service_endpoints": []
              }
            ],
            "tags": {},
            "timeouts": null
          },
          "sensitive_attributes": [],
          "private": "eyJlMmJmYjczMC1lY2FhLTExZTYtOGY4OC0zNDM2M2JjN2M0YzAiOnsiY3JlYXRlIjoxODAwMDAwMDAwMDAwLCJkZWxldGUiOjE4MDAwMDAwMDAwMDAsInJlYWQiOjMwMDAwMDAwMDAwMCwidXBkYXRlIjoxODAwMDAwMDAwMDAwfX0="
        }
      ]
    },
    {
      "module": "module.storage",
      "mode": "managed",
      "type": "azurerm_storage_account",
      "name": "storage",
      "provider": "provider[\"registry.terraform.io/hashicorp/azurerm\"]",
      "instances": [
        {
          "schema_version": 4,
          "attributes": {
            "access_tier": "Hot",
            "account_kind": "StorageV2",
            "account_replication_type": "LRS",
            "account_tier": "Standard",
            "allow_nested_items_to_be_public": true,
            "allowed_copy_scope": "",
            "azure_files_authentication": [],
            "blob_properties": [
              {
                "change_feed_enabled": false,
                "change_feed_retention_in_days": 0,
                "container_delete_retention_policy": [],
                "cors_rule": [],
                "default_service_version": "",
                "delete_retention_policy": [],
                "last_access_time_enabled": false,
                "restore_policy": [],
                "versioning_enabled": false
              }
            ],
            "cross_tenant_replication_enabled": false,
            "custom_domain": [],
            "customer_managed_key": [],
            "default_to_oauth_authentication": false,
            "dns_endpoint_type": "Standard",
            "edge_zone": "",
            "https_traffic_only_enabled": true,
            "id": "/subscriptions/fb141b80-2b4d-4a51-a02b-ac95ac80ae0d/resourceGroups/rg-dev-002/providers/Microsoft.Storage/storageAccounts/devstoragesa001",
            "identity": [],
            "immutability_policy": [],
            "infrastructure_encryption_enabled": false,
            "is_hns_enabled": false,
            "large_file_share_enabled": false,
            "local_user_enabled": true,
            "location": "centralindia",
            "min_tls_version": "TLS1_2",
            "name": "devstoragesa001",
            "network_rules": [],
            "nfsv3_enabled": false,
            "primary_access_key": "Ce1jwyLXlOx2NlWn2BrBp08Xqgk4ca6P5WTbGiDOMYLpp/KkNlqONd/NUQEudYLAlUSoDfBHUZD6+AStgQi5RQ==",
            "primary_blob_connection_string": "DefaultEndpointsProtocol=https;BlobEndpoint=https://devstoragesa001.blob.core.windows.net/;AccountName=devstoragesa001;AccountKey=Ce1jwyLXlOx2NlWn2BrBp08Xqgk4ca6P5WTbGiDOMYLpp/KkNlqONd/NUQEudYLAlUSoDfBHUZD6+AStgQi5RQ==",
            "primary_blob_endpoint": "https://devstoragesa001.blob.core.windows.net/",
            "primary_blob_host": "devstoragesa001.blob.core.windows.net",
            "primary_blob_internet_endpoint": "",
            "primary_blob_internet_host": "",
            "primary_blob_microsoft_endpoint": "",
            "primary_blob_microsoft_host": "",
            "primary_connection_string": "DefaultEndpointsProtocol=https;AccountName=devstoragesa001;AccountKey=Ce1jwyLXlOx2NlWn2BrBp08Xqgk4ca6P5WTbGiDOMYLpp/KkNlqONd/NUQEudYLAlUSoDfBHUZD6+AStgQi5RQ==;EndpointSuffix=core.windows.net",
            "primary_dfs_endpoint": "https://devstoragesa001.dfs.core.windows.net/",
            "primary_dfs_host": "devstoragesa001.dfs.core.windows.net",
            "primary_dfs_internet_endpoint": "",
            "primary_dfs_internet_host": "",
            "primary_dfs_microsoft_endpoint": "",
            "primary_dfs_microsoft_host": "",
            "primary_file_endpoint": "https://devstoragesa001.file.core.windows.net/",
            "primary_file_host": "devstoragesa001.file.core.windows.net",
            "primary_file_internet_endpoint": "",
            "primary_file_internet_host": "",
            "primary_file_microsoft_endpoint": "",
            "primary_file_microsoft_host": "",
            "primary_location": "centralindia",
            "primary_queue_endpoint": "https://devstoragesa001.queue.core.windows.net/",
            "primary_queue_host": "devstoragesa001.queue.core.windows.net",
            "primary_queue_microsoft_endpoint": "",
            "primary_queue_microsoft_host": "",
            "primary_table_endpoint": "https://devstoragesa001.table.core.windows.net/",
            "primary_table_host": "devstoragesa001.table.core.windows.net",
            "primary_table_microsoft_endpoint": "",
            "primary_table_microsoft_host": "",
            "primary_web_endpoint": "https://devstoragesa001.z29.web.core.windows.net/",
            "primary_web_host": "devstoragesa001.z29.web.core.windows.net",
            "primary_web_internet_endpoint": "",
            "primary_web_internet_host": "",
            "primary_web_microsoft_endpoint": "",
            "primary_web_microsoft_host": "",
            "public_network_access_enabled": true,
            "queue_encryption_key_type": "Service",
            "queue_properties": [],
            "resource_group_name": "rg-dev-002",
            "routing": [],
            "sas_policy": [],
            "secondary_access_key": "aIdHsJNAtfDU2b8qOljHwzz2u5UKoWweGkzxBroMqT0oEKMpD2rYT3F4SBYSUfo4fBavs46UFeQD+AStLNKjoA==",
            "secondary_blob_connection_string": "",
            "secondary_blob_endpoint": "",
            "secondary_blob_host": "",
            "secondary_blob_internet_endpoint": "",
            "secondary_blob_internet_host": "",
            "secondary_blob_microsoft_endpoint": "",
            "secondary_blob_microsoft_host": "",
            "secondary_connection_string": "DefaultEndpointsProtocol=https;AccountName=devstoragesa001;AccountKey=aIdHsJNAtfDU2b8qOljHwzz2u5UKoWweGkzxBroMqT0oEKMpD2rYT3F4SBYSUfo4fBavs46UFeQD+AStLNKjoA==;EndpointSuffix=core.windows.net",
            "secondary_dfs_endpoint": "",
            "secondary_dfs_host": "",
            "secondary_dfs_internet_endpoint": "",
            "secondary_dfs_internet_host": "",
            "secondary_dfs_microsoft_endpoint": "",
            "secondary_dfs_microsoft_host": "",
            "secondary_file_endpoint": "",
            "secondary_file_host": "",
            "secondary_file_internet_endpoint": "",
            "secondary_file_internet_host": "",
            "secondary_file_microsoft_endpoint": "",
            "secondary_file_microsoft_host": "",
            "secondary_location": "",
            "secondary_queue_endpoint": "",
            "secondary_queue_host": "",
            "secondary_queue_microsoft_endpoint": "",
            "secondary_queue_microsoft_host": "",
            "secondary_table_endpoint": "",
            "secondary_table_host": "",
            "secondary_table_microsoft_endpoint": "",
            "secondary_table_microsoft_host": "",
            "secondary_web_endpoint": "",
            "secondary_web_host": "",
            "secondary_web_internet_endpoint": "",
            "secondary_web_internet_host": "",
            "secondary_web_microsoft_endpoint": "",
            "secondary_web_microsoft_host": "",
            "sftp_enabled": false,
            "share_properties": [
              {
                "cors_rule": [],
                "retention_policy": [
                  {
                    "days": 7
                  }
                ],
                "smb": []
              }
            ],
            "shared_access_key_enabled": true,
            "static_website": [],
            "table_encryption_key_type": "Service",
            "tags": {},
            "timeouts": null
          },
          "sensitive_attributes": [
            [
              {
                "type": "get_attr",
                "value": "secondary_blob_connection_string"
              }
            ],
            [
              {
                "type": "get_attr",
                "value": "secondary_connection_string"
              }
            ],
            [
              {
                "type": "get_attr",
                "value": "primary_blob_connection_string"
              }
            ],
            [
              {
                "type": "get_attr",
                "value": "primary_access_key"
              }
            ],
            [
              {
                "type": "get_attr",
                "value": "secondary_access_key"
              }
            ],
            [
              {
                "type": "get_attr",
                "value": "primary_connection_string"
              }
            ]
          ],
          "private": "eyJlMmJmYjczMC1lY2FhLTExZTYtOGY4OC0zNDM2M2JjN2M0YzAiOnsiY3JlYXRlIjozNjAwMDAwMDAwMDAwLCJkZWxldGUiOjM2MDAwMDAwMDAwMDAsInJlYWQiOjMwMDAwMDAwMDAwMCwidXBkYXRlIjozNjAwMDAwMDAwMDAwfSwic2NoZW1hX3ZlcnNpb24iOiI0In0="
        }
      ]
    },
    {
      "module": "module.storage",
      "mode": "managed",
      "type": "azurerm_storage_container",
      "name": "container",
      "provider": "provider[\"registry.terraform.io/hashicorp/azurerm\"]",
      "instances": [
        {
          "schema_version": 1,
          "attributes": {
            "container_access_type": "private",
            "default_encryption_scope": "$account-encryption-key",
            "encryption_scope_override_enabled": true,
            "has_immutability_policy": false,
            "has_legal_hold": false,
            "id": "https://devstoragesa001.blob.core.windows.net/tfstate",
            "metadata": {},
            "name": "tfstate",
            "resource_manager_id": "/subscriptions/fb141b80-2b4d-4a51-a02b-ac95ac80ae0d/resourceGroups/rg-dev-002/providers/Microsoft.Storage/storageAccounts/devstoragesa001/blobServices/default/containers/tfstate",
            "storage_account_id": null,
            "storage_account_name": "devstoragesa001",
            "timeouts": null
          },
          "sensitive_attributes": [],
          "private": "eyJlMmJmYjczMC1lY2FhLTExZTYtOGY4OC0zNDM2M2JjN2M0YzAiOnsiY3JlYXRlIjoxODAwMDAwMDAwMDAwLCJkZWxldGUiOjE4MDAwMDAwMDAwMDAsInJlYWQiOjMwMDAwMDAwMDAwMCwidXBkYXRlIjoxODAwMDAwMDAwMDAwfSwic2NoZW1hX3ZlcnNpb24iOiIxIn0=",
          "dependencies": [
            "module.storage.azurerm_storage_account.storage"
          ]
        }
      ]
    }
  ],
  "check_results": null
}
